
Microsoft Visual Studio Solution File, Format Version 12.00
# Visual Studio Version 16
VisualStudioVersion = 16.0.31205.134
MinimumVisualStudioVersion = 10.0.40219.1
Project("{9A19103F-16F7-4668-BE54-9A1E7A4F7556}") = "ClassLibrary1", "ClassLibrary1\ClassLibrary1.csproj", "{EC40FB7A-21AC-4E4D-A1B8-3793C31CC827}"
EndProject
Project("{9A19103F-16F7-4668-BE54-9A1E7A4F7556}") = "ConsoleApp1", "ConsoleApp1\ConsoleApp1.csproj", "{46E1838F-AC12-4F56-9649-81B45E0EADE2}"
EndProject
Project("{9A19103F-16F7-4668-BE54-9A1E7A4F7556}") = "xUnitTestAdressbeheer", "xUnitTestAdressbeheer\xUnitTestAdressbeheer.csproj", "{224832D0-494F-49D5-8049-DED432BF5296}"
EndProject
Project("{FAE04EC0-301F-11D3-BF4B-00C04F79EFBC}") = "WpfAdresBheerv1", "WpfAdresBheerv1\WpfAdresBheerv1.csproj", "{5D050473-3785-4C96-9E47-A1C5B927C899}"
EndProject
Global
	GlobalSection(SolutionConfigurationPlatforms) = preSolution
		Debug|Any CPU = Debug|Any CPU
		Release|Any CPU = Release|Any CPU
	EndGlobalSection
	GlobalSection(ProjectConfigurationPlatforms) = postSolution
		{EC40FB7A-21AC-4E4D-A1B8-3793C31CC827}.Debug|Any CPU.ActiveCfg = Debug|Any CPU
		{EC40FB7A-21AC-4E4D-A1B8-3793C31CC827}.Debug|Any CPU.Build.0 = Debug|Any CPU
		{EC40FB7A-21AC-4E4D-A1B8-3793C31CC827}.Release|Any CPU.ActiveCfg = Release|Any CPU
		{EC40FB7A-21AC-4E4D-A1B8-3793C31CC827}.Release|Any CPU.Build.0 = Release|Any CPU
		{46E1838F-AC12-4F56-9649-81B45E0EADE2}.Debug|Any CPU.ActiveCfg = Debug|Any CPU
		{46E1838F-AC12-4F56-9649-81B45E0EADE2}.Debug|Any CPU.Build.0 = Debug|Any CPU
		{46E1838F-AC12-4F56-9649-81B45E0EADE2}.Release|Any CPU.ActiveCfg = Release|Any CPU
		{46E1838F-AC12-4F56-9649-81B45E0EADE2}.Release|Any CPU.Build.0 = Release|Any CPU
		{224832D0-494F-49D5-8049-DED432BF5296}.Debug|Any CPU.ActiveCfg = Debug|Any CPU
		{224832D0-494F-49D5-8049-DED432BF5296}.Debug|Any CPU.Build.0 = Debug|Any CPU
		{224832D0-494F-49D5-8049-DED432BF5296}.Release|Any CPU.ActiveCfg = Release|Any CPU
		{224832D0-494F-49D5-8049-DED432BF5296}.Release|Any CPU.Build.0 = Release|Any CPU
		{5D050473-3785-4C96-9E47-A1C5B927C899}.Debug|Any CPU.ActiveCfg = Debug|Any CPU
		{5D050473-3785-4C96-9E47-A1C5B927C899}.Debug|Any CPU.Build.0 = Debug|Any CPU
		{5D050473-3785-4C96-9E47-A1C5B927C899}.Release|Any CPU.ActiveCfg = Release|Any CPU
		{5D050473-3785-4C96-9E47-A1C5B927C899}.Release|Any CPU.Build.0 = Release|Any CPU
	EndGlobalSection
	GlobalSection(SolutionProperties) = preSolution
		HideSolutionNode = FALSE
	EndGlobalSection
	GlobalSection(ExtensibilityGlobals) = postSolution
		SolutionGuid = {0266B8D9-491A-4F7C-8C20-E4B0BBF53BD5}
	EndGlobalSection
EndGlobal
