
Microsoft Visual Studio Solution File, Format Version 12.00
# Visual Studio Version 16
VisualStudioVersion = 16.0.30621.155
MinimumVisualStudioVersion = 10.0.40219.1
Project("{FAE04EC0-301F-11D3-BF4B-00C04F79EFBC}") = "gamedevConsole", "gamedevConsole\gamedevConsole.csproj", "{30B51FDB-2530-44A8-BA6F-148CEF6D0A7F}"
EndProject
Global
	GlobalSection(SolutionConfigurationPlatforms) = preSolution
		Debug|Any CPU = Debug|Any CPU
		Release|Any CPU = Release|Any CPU
	EndGlobalSection
	GlobalSection(ProjectConfigurationPlatforms) = postSolution
		{30B51FDB-2530-44A8-BA6F-148CEF6D0A7F}.Debug|Any CPU.ActiveCfg = Debug|Any CPU
		{30B51FDB-2530-44A8-BA6F-148CEF6D0A7F}.Debug|Any CPU.Build.0 = Debug|Any CPU
		{30B51FDB-2530-44A8-BA6F-148CEF6D0A7F}.Release|Any CPU.ActiveCfg = Release|Any CPU
		{30B51FDB-2530-44A8-BA6F-148CEF6D0A7F}.Release|Any CPU.Build.0 = Release|Any CPU
	EndGlobalSection
	GlobalSection(SolutionProperties) = preSolution
		HideSolutionNode = FALSE
	EndGlobalSection
	GlobalSection(ExtensibilityGlobals) = postSolution
		SolutionGuid = {0611DB5F-0C4A-4614-8D1A-C4CE899DE2F4}
	EndGlobalSection
EndGlobal
