
Microsoft Visual Studio Solution File, Format Version 12.00
# Visual Studio Version 16
VisualStudioVersion = 16.0.30621.155
MinimumVisualStudioVersion = 10.0.40219.1
Project("{FAE04EC0-301F-11D3-BF4B-00C04F79EFBC}") = "forTest", "forTest\forTest.csproj", "{95E49CA1-9841-4966-86A2-262F5808B5DE}"
EndProject
Global
	GlobalSection(SolutionConfigurationPlatforms) = preSolution
		Debug|Any CPU = Debug|Any CPU
		Release|Any CPU = Release|Any CPU
	EndGlobalSection
	GlobalSection(ProjectConfigurationPlatforms) = postSolution
		{95E49CA1-9841-4966-86A2-262F5808B5DE}.Debug|Any CPU.ActiveCfg = Debug|Any CPU
		{95E49CA1-9841-4966-86A2-262F5808B5DE}.Debug|Any CPU.Build.0 = Debug|Any CPU
		{95E49CA1-9841-4966-86A2-262F5808B5DE}.Release|Any CPU.ActiveCfg = Release|Any CPU
		{95E49CA1-9841-4966-86A2-262F5808B5DE}.Release|Any CPU.Build.0 = Release|Any CPU
	EndGlobalSection
	GlobalSection(SolutionProperties) = preSolution
		HideSolutionNode = FALSE
	EndGlobalSection
	GlobalSection(ExtensibilityGlobals) = postSolution
		SolutionGuid = {1B5A26BD-FF4A-47F0-9625-6BFAADB589E2}
	EndGlobalSection
EndGlobal
